{
  "lockfileVersion": 1,
  "configVersion": 0,
  "workspaces": {
    "": {
      "name": "claude-renovate-review",
      "devDependencies": {
        "prettier": "3.8.2",
      },
    },
  },
  "packages": {
    "prettier": ["prettier@3.8.2", "", { "bin": { "prettier": "bin/prettier.cjs" } }, "sha512-8c3mgTe0ASwWAJK+78dpviD+A8EqhndQPUBpNUIPt6+xWlIigCwfN01lWr9MAede4uqXGTEKeQWTvzb3vjia0Q=="],
  }
}
